
Microsoft Visual Studio Solution File, Format Version 12.00
# Visual Studio 2012
Project("{FAE04EC0-301F-11D3-BF4B-00C04F79EFBC}") = "Slugburn.Obscura", "Slugburn.Obscura\Slugburn.Obscura.csproj", "{3B28EFB8-AD2C-42DE-A2E1-8A0C95C2FAFB}"
EndProject
Project("{FAE04EC0-301F-11D3-BF4B-00C04F79EFBC}") = "Slugburn.Obscura.Lib", "Slugburn.Obscura.Lib\Slugburn.Obscura.Lib.csproj", "{A138711C-F280-41C4-9AEA-C80FADD916E6}"
EndProject
Project("{FAE04EC0-301F-11D3-BF4B-00C04F79EFBC}") = "Slugburn.Obscura.Test", "Slugburn.Obscura.Test\Slugburn.Obscura.Test.csproj", "{EA3CB71E-CA46-49BB-9EC0-3DB848EB78D2}"
EndProject
Global
	GlobalSection(SolutionConfigurationPlatforms) = preSolution
		Debug|Any CPU = Debug|Any CPU
		Release|Any CPU = Release|Any CPU
	EndGlobalSection
	GlobalSection(ProjectConfigurationPlatforms) = postSolution
		{3B28EFB8-AD2C-42DE-A2E1-8A0C95C2FAFB}.Debug|Any CPU.ActiveCfg = Debug|Any CPU
		{3B28EFB8-AD2C-42DE-A2E1-8A0C95C2FAFB}.Debug|Any CPU.Build.0 = Debug|Any CPU
		{3B28EFB8-AD2C-42DE-A2E1-8A0C95C2FAFB}.Release|Any CPU.ActiveCfg = Release|Any CPU
		{3B28EFB8-AD2C-42DE-A2E1-8A0C95C2FAFB}.Release|Any CPU.Build.0 = Release|Any CPU
		{A138711C-F280-41C4-9AEA-C80FADD916E6}.Debug|Any CPU.ActiveCfg = Debug|Any CPU
		{A138711C-F280-41C4-9AEA-C80FADD916E6}.Debug|Any CPU.Build.0 = Debug|Any CPU
		{A138711C-F280-41C4-9AEA-C80FADD916E6}.Release|Any CPU.ActiveCfg = Release|Any CPU
		{A138711C-F280-41C4-9AEA-C80FADD916E6}.Release|Any CPU.Build.0 = Release|Any CPU
		{EA3CB71E-CA46-49BB-9EC0-3DB848EB78D2}.Debug|Any CPU.ActiveCfg = Debug|Any CPU
		{EA3CB71E-CA46-49BB-9EC0-3DB848EB78D2}.Debug|Any CPU.Build.0 = Debug|Any CPU
		{EA3CB71E-CA46-49BB-9EC0-3DB848EB78D2}.Release|Any CPU.ActiveCfg = Release|Any CPU
		{EA3CB71E-CA46-49BB-9EC0-3DB848EB78D2}.Release|Any CPU.Build.0 = Release|Any CPU
	EndGlobalSection
	GlobalSection(SolutionProperties) = preSolution
		HideSolutionNode = FALSE
	EndGlobalSection
EndGlobal
